// !$*UTF8*$!
{
	archiveVersion = 1;
	classes = {
	};
	objectVersion = 52;
	objects = {

/* Begin PBXBuildFile section */
		4B0EDAE92663FBC30097CBC4 /* Socket.swift in Sources */ = {isa = PBXBuildFile; fileRef = 4B0EDAE82663FBC30097CBC4 /* Socket.swift */; };
		4B0EDAEE2663FF720097CBC4 /* SocketIO in Frameworks */ = {isa = PBXBuildFile; productRef = 4B0EDAED2663FF720097CBC4 /* SocketIO */; };
		4B0EDAF22664919D0097CBC4 /* Category.swift in Sources */ = {isa = PBXBuildFile; fileRef = 4B0EDAF12664919D0097CBC4 /* Category.swift */; };
		4B1C45E22669C9350077943D /* StoreDetailModel.swift in Sources */ = {isa = PBXBuildFile; fileRef = 4B1C45E12669C9350077943D /* StoreDetailModel.swift */; };
		4B1C45E42669D7340077943D /* RemoteData.swift in Sources */ = {isa = PBXBuildFile; fileRef = 4B1C45E32669D7340077943D /* RemoteData.swift */; };
		4B20B00726619B6500A10F9B /* List WatchKit App.app in Embed Watch Content */ = {isa = PBXBuildFile; fileRef = 4B20B00626619B6500A10F9B /* List WatchKit App.app */; settings = {ATTRIBUTES = (RemoveHeadersOnCopy, ); }; };
		4B20B00C26619B6900A10F9B /* Assets.xcassets in Resources */ = {isa = PBXBuildFile; fileRef = 4B20B00B26619B6900A10F9B /* Assets.xcassets */; };
		4B20B01326619B6900A10F9B /* List WatchKit Extension.appex in Embed App Extensions */ = {isa = PBXBuildFile; fileRef = 4B20B01226619B6900A10F9B /* List WatchKit Extension.appex */; settings = {ATTRIBUTES = (RemoveHeadersOnCopy, ); }; };
		4B20B01826619B6900A10F9B /* ContentView.swift in Sources */ = {isa = PBXBuildFile; fileRef = 4B20B01726619B6900A10F9B /* ContentView.swift */; };
		4B20B01A26619B6900A10F9B /* ListApp.swift in Sources */ = {isa = PBXBuildFile; fileRef = 4B20B01926619B6900A10F9B /* ListApp.swift */; };
		4B20B01C26619B6900A10F9B /* ComplicationController.swift in Sources */ = {isa = PBXBuildFile; fileRef = 4B20B01B26619B6900A10F9B /* ComplicationController.swift */; };
		4B20B01E26619B6A00A10F9B /* Assets.xcassets in Resources */ = {isa = PBXBuildFile; fileRef = 4B20B01D26619B6A00A10F9B /* Assets.xcassets */; };
		4B20B02126619B6A00A10F9B /* Preview Assets.xcassets in Resources */ = {isa = PBXBuildFile; fileRef = 4B20B02026619B6A00A10F9B /* Preview Assets.xcassets */; };
		4B20B03126619E1A00A10F9B /* ModelData.swift in Sources */ = {isa = PBXBuildFile; fileRef = 4B20B03026619E1A00A10F9B /* ModelData.swift */; };
		4B20B03426619E4B00A10F9B /* Store.swift in Sources */ = {isa = PBXBuildFile; fileRef = 4B20B03326619E4B00A10F9B /* Store.swift */; };
		4B20B03926619F3D00A10F9B /* StoreList.swift in Sources */ = {isa = PBXBuildFile; fileRef = 4B20B03826619F3D00A10F9B /* StoreList.swift */; };
		4B20B03B2661AA2D00A10F9B /* StoreDetail.swift in Sources */ = {isa = PBXBuildFile; fileRef = 4B20B03A2661AA2D00A10F9B /* StoreDetail.swift */; };
		4B20B03D2661BE3100A10F9B /* Item.swift in Sources */ = {isa = PBXBuildFile; fileRef = 4B20B03C2661BE3100A10F9B /* Item.swift */; };
		4B20B03F2661C22800A10F9B /* ItemRow.swift in Sources */ = {isa = PBXBuildFile; fileRef = 4B20B03E2661C22800A10F9B /* ItemRow.swift */; };
		4B827886266C66F60088C884 /* ItemList.swift in Sources */ = {isa = PBXBuildFile; fileRef = 4B827885266C66F60088C884 /* ItemList.swift */; };
		4B827889266C75810088C884 /* ItemEditor.swift in Sources */ = {isa = PBXBuildFile; fileRef = 4B827888266C75810088C884 /* ItemEditor.swift */; };
		4B82788B266F0B030088C884 /* PreviewData.swift in Sources */ = {isa = PBXBuildFile; fileRef = 4B82788A266F0B030088C884 /* PreviewData.swift */; };
		4BA2025B2665D86C005EF5F4 /* Error.swift in Sources */ = {isa = PBXBuildFile; fileRef = 4BA2025A2665D86C005EF5F4 /* Error.swift */; };
		4BA2025D2665D9EC005EF5F4 /* ErrorView.swift in Sources */ = {isa = PBXBuildFile; fileRef = 4BA2025C2665D9EC005EF5F4 /* ErrorView.swift */; };
/* End PBXBuildFile section */

/* Begin PBXContainerItemProxy section */
		4B20B00826619B6500A10F9B /* PBXContainerItemProxy */ = {
			isa = PBXContainerItemProxy;
			containerPortal = 4B20AFFC26619B6500A10F9B /* Project object */;
			proxyType = 1;
			remoteGlobalIDString = 4B20B00526619B6500A10F9B;
			remoteInfo = "List WatchKit App";
		};
		4B20B01426619B6900A10F9B /* PBXContainerItemProxy */ = {
			isa = PBXContainerItemProxy;
			containerPortal = 4B20AFFC26619B6500A10F9B /* Project object */;
			proxyType = 1;
			remoteGlobalIDString = 4B20B01126619B6900A10F9B;
			remoteInfo = "List WatchKit Extension";
		};
/* End PBXContainerItemProxy section */

/* Begin PBXCopyFilesBuildPhase section */
		4B20B02826619B6A00A10F9B /* Embed App Extensions */ = {
			isa = PBXCopyFilesBuildPhase;
			buildActionMask = 2147483647;
			dstPath = "";
			dstSubfolderSpec = 13;
			files = (
				4B20B01326619B6900A10F9B /* List WatchKit Extension.appex in Embed App Extensions */,
			);
			name = "Embed App Extensions";
			runOnlyForDeploymentPostprocessing = 0;
		};
		4B20B02C26619B6A00A10F9B /* Embed Watch Content */ = {
			isa = PBXCopyFilesBuildPhase;
			buildActionMask = 2147483647;
			dstPath = "$(CONTENTS_FOLDER_PATH)/Watch";
			dstSubfolderSpec = 16;
			files = (
				4B20B00726619B6500A10F9B /* List WatchKit App.app in Embed Watch Content */,
			);
			name = "Embed Watch Content";
			runOnlyForDeploymentPostprocessing = 0;
		};
/* End PBXCopyFilesBuildPhase section */

/* Begin PBXFileReference section */
		4B0EDAE82663FBC30097CBC4 /* Socket.swift */ = {isa = PBXFileReference; lastKnownFileType = sourcecode.swift; path = Socket.swift; sourceTree = "<group>"; };
		4B0EDAF12664919D0097CBC4 /* Category.swift */ = {isa = PBXFileReference; lastKnownFileType = sourcecode.swift; path = Category.swift; sourceTree = "<group>"; };
		4B1C45E12669C9350077943D /* StoreDetailModel.swift */ = {isa = PBXFileReference; lastKnownFileType = sourcecode.swift; path = StoreDetailModel.swift; sourceTree = "<group>"; };
		4B1C45E32669D7340077943D /* RemoteData.swift */ = {isa = PBXFileReference; lastKnownFileType = sourcecode.swift; path = RemoteData.swift; sourceTree = "<group>"; };
		4B20B00226619B6500A10F9B /* List.app */ = {isa = PBXFileReference; explicitFileType = wrapper.application; includeInIndex = 0; path = List.app; sourceTree = BUILT_PRODUCTS_DIR; };
		4B20B00626619B6500A10F9B /* List WatchKit App.app */ = {isa = PBXFileReference; explicitFileType = wrapper.application; includeInIndex = 0; path = "List WatchKit App.app"; sourceTree = BUILT_PRODUCTS_DIR; };
		4B20B00B26619B6900A10F9B /* Assets.xcassets */ = {isa = PBXFileReference; lastKnownFileType = folder.assetcatalog; path = Assets.xcassets; sourceTree = "<group>"; };
		4B20B00D26619B6900A10F9B /* Info.plist */ = {isa = PBXFileReference; lastKnownFileType = text.plist.xml; path = Info.plist; sourceTree = "<group>"; };
		4B20B01226619B6900A10F9B /* List WatchKit Extension.appex */ = {isa = PBXFileReference; explicitFileType = "wrapper.app-extension"; includeInIndex = 0; path = "List WatchKit Extension.appex"; sourceTree = BUILT_PRODUCTS_DIR; };
		4B20B01726619B6900A10F9B /* ContentView.swift */ = {isa = PBXFileReference; lastKnownFileType = sourcecode.swift; path = ContentView.swift; sourceTree = "<group>"; };
		4B20B01926619B6900A10F9B /* ListApp.swift */ = {isa = PBXFileReference; lastKnownFileType = sourcecode.swift; path = ListApp.swift; sourceTree = "<group>"; };
		4B20B01B26619B6900A10F9B /* ComplicationController.swift */ = {isa = PBXFileReference; lastKnownFileType = sourcecode.swift; path = ComplicationController.swift; sourceTree = "<group>"; };
		4B20B01D26619B6A00A10F9B /* Assets.xcassets */ = {isa = PBXFileReference; lastKnownFileType = folder.assetcatalog; path = Assets.xcassets; sourceTree = "<group>"; };
		4B20B02026619B6A00A10F9B /* Preview Assets.xcassets */ = {isa = PBXFileReference; lastKnownFileType = folder.assetcatalog; path = "Preview Assets.xcassets"; sourceTree = "<group>"; };
		4B20B02226619B6A00A10F9B /* Info.plist */ = {isa = PBXFileReference; lastKnownFileType = text.plist.xml; path = Info.plist; sourceTree = "<group>"; };
		4B20B03026619E1A00A10F9B /* ModelData.swift */ = {isa = PBXFileReference; lastKnownFileType = sourcecode.swift; path = ModelData.swift; sourceTree = "<group>"; };
		4B20B03326619E4B00A10F9B /* Store.swift */ = {isa = PBXFileReference; lastKnownFileType = sourcecode.swift; path = Store.swift; sourceTree = "<group>"; };
		4B20B03826619F3D00A10F9B /* StoreList.swift */ = {isa = PBXFileReference; lastKnownFileType = sourcecode.swift; path = StoreList.swift; sourceTree = "<group>"; };
		4B20B03A2661AA2D00A10F9B /* StoreDetail.swift */ = {isa = PBXFileReference; lastKnownFileType = sourcecode.swift; path = StoreDetail.swift; sourceTree = "<group>"; };
		4B20B03C2661BE3100A10F9B /* Item.swift */ = {isa = PBXFileReference; lastKnownFileType = sourcecode.swift; path = Item.swift; sourceTree = "<group>"; };
		4B20B03E2661C22800A10F9B /* ItemRow.swift */ = {isa = PBXFileReference; lastKnownFileType = sourcecode.swift; path = ItemRow.swift; sourceTree = "<group>"; };
		4B827885266C66F60088C884 /* ItemList.swift */ = {isa = PBXFileReference; lastKnownFileType = sourcecode.swift; path = ItemList.swift; sourceTree = "<group>"; };
		4B827888266C75810088C884 /* ItemEditor.swift */ = {isa = PBXFileReference; lastKnownFileType = sourcecode.swift; path = ItemEditor.swift; sourceTree = "<group>"; };
		4B82788A266F0B030088C884 /* PreviewData.swift */ = {isa = PBXFileReference; lastKnownFileType = sourcecode.swift; path = PreviewData.swift; sourceTree = "<group>"; };
		4BA2025A2665D86C005EF5F4 /* Error.swift */ = {isa = PBXFileReference; lastKnownFileType = sourcecode.swift; path = Error.swift; sourceTree = "<group>"; };
		4BA2025C2665D9EC005EF5F4 /* ErrorView.swift */ = {isa = PBXFileReference; lastKnownFileType = sourcecode.swift; path = ErrorView.swift; sourceTree = "<group>"; };
/* End PBXFileReference section */

/* Begin PBXFrameworksBuildPhase section */
		4B20B00F26619B6900A10F9B /* Frameworks */ = {
			isa = PBXFrameworksBuildPhase;
			buildActionMask = 2147483647;
			files = (
				4B0EDAEE2663FF720097CBC4 /* SocketIO in Frameworks */,
			);
			runOnlyForDeploymentPostprocessing = 0;
		};
/* End PBXFrameworksBuildPhase section */

/* Begin PBXGroup section */
		4B0EDAE72663FBB40097CBC4 /* Lib */ = {
			isa = PBXGroup;
			children = (
				4B0EDAE82663FBC30097CBC4 /* Socket.swift */,
				4B1C45E32669D7340077943D /* RemoteData.swift */,
			);
			path = Lib;
			sourceTree = "<group>";
		};
		4B0EDAEC2663FF720097CBC4 /* Frameworks */ = {
			isa = PBXGroup;
			children = (
			);
			name = Frameworks;
			sourceTree = "<group>";
		};
		4B0EDAF3266517320097CBC4 /* Views */ = {
			isa = PBXGroup;
			children = (
				4B20B01726619B6900A10F9B /* ContentView.swift */,
				4B20B03726619F2D00A10F9B /* Stores */,
				4B827887266C6A430088C884 /* Items */,
				4B82788C266F108A0088C884 /* Helpers */,
			);
			path = Views;
			sourceTree = "<group>";
		};
		4B20AFFB26619B6500A10F9B = {
			isa = PBXGroup;
			children = (
				4B20B00A26619B6500A10F9B /* List WatchKit App */,
				4B20B01626619B6900A10F9B /* List WatchKit Extension */,
				4B20B00326619B6500A10F9B /* Products */,
				4B0EDAEC2663FF720097CBC4 /* Frameworks */,
			);
			sourceTree = "<group>";
		};
		4B20B00326619B6500A10F9B /* Products */ = {
			isa = PBXGroup;
			children = (
				4B20B00226619B6500A10F9B /* List.app */,
				4B20B00626619B6500A10F9B /* List WatchKit App.app */,
				4B20B01226619B6900A10F9B /* List WatchKit Extension.appex */,
			);
			name = Products;
			sourceTree = "<group>";
		};
		4B20B00A26619B6500A10F9B /* List WatchKit App */ = {
			isa = PBXGroup;
			children = (
				4B20B00B26619B6900A10F9B /* Assets.xcassets */,
				4B20B00D26619B6900A10F9B /* Info.plist */,
			);
			path = "List WatchKit App";
			sourceTree = "<group>";
		};
		4B20B01626619B6900A10F9B /* List WatchKit Extension */ = {
			isa = PBXGroup;
			children = (
				4B0EDAE72663FBB40097CBC4 /* Lib */,
				4B20B01926619B6900A10F9B /* ListApp.swift */,
				4B0EDAF3266517320097CBC4 /* Views */,
				4B20B03226619E3100A10F9B /* Model */,
				4B20B01B26619B6900A10F9B /* ComplicationController.swift */,
				4B20B01D26619B6A00A10F9B /* Assets.xcassets */,
				4B20B02226619B6A00A10F9B /* Info.plist */,
				4B20B01F26619B6A00A10F9B /* Preview Content */,
			);
			path = "List WatchKit Extension";
			sourceTree = "<group>";
		};
		4B20B01F26619B6A00A10F9B /* Preview Content */ = {
			isa = PBXGroup;
			children = (
				4B82788A266F0B030088C884 /* PreviewData.swift */,
				4B20B02026619B6A00A10F9B /* Preview Assets.xcassets */,
			);
			path = "Preview Content";
			sourceTree = "<group>";
		};
		4B20B03226619E3100A10F9B /* Model */ = {
			isa = PBXGroup;
			children = (
				4B20B03026619E1A00A10F9B /* ModelData.swift */,
				4B20B03326619E4B00A10F9B /* Store.swift */,
				4B1C45E12669C9350077943D /* StoreDetailModel.swift */,
				4B20B03C2661BE3100A10F9B /* Item.swift */,
				4B0EDAF12664919D0097CBC4 /* Category.swift */,
				4BA2025A2665D86C005EF5F4 /* Error.swift */,
			);
			path = Model;
			sourceTree = "<group>";
		};
		4B20B03726619F2D00A10F9B /* Stores */ = {
			isa = PBXGroup;
			children = (
				4B20B03826619F3D00A10F9B /* StoreList.swift */,
				4B20B03A2661AA2D00A10F9B /* StoreDetail.swift */,
			);
			path = Stores;
			sourceTree = "<group>";
		};
		4B827887266C6A430088C884 /* Items */ = {
			isa = PBXGroup;
			children = (
				4B827885266C66F60088C884 /* ItemList.swift */,
				4B20B03E2661C22800A10F9B /* ItemRow.swift */,
				4B827888266C75810088C884 /* ItemEditor.swift */,
			);
			path = Items;
			sourceTree = "<group>";
		};
		4B82788C266F108A0088C884 /* Helpers */ = {
			isa = PBXGroup;
			children = (
				4BA2025C2665D9EC005EF5F4 /* ErrorView.swift */,
			);
			path = Helpers;
			sourceTree = "<group>";
		};
/* End PBXGroup section */

/* Begin PBXNativeTarget section */
		4B20B00126619B6500A10F9B /* List */ = {
			isa = PBXNativeTarget;
			buildConfigurationList = 4B20B02D26619B6A00A10F9B /* Build configuration list for PBXNativeTarget "List" */;
			buildPhases = (
				4B20B00026619B6500A10F9B /* Resources */,
				4B20B02C26619B6A00A10F9B /* Embed Watch Content */,
			);
			buildRules = (
			);
			dependencies = (
				4B20B00926619B6500A10F9B /* PBXTargetDependency */,
			);
			name = List;
			packageProductDependencies = (
				4B20B0482663F84A00A10F9B /* SocketIO */,
			);
			productName = List;
			productReference = 4B20B00226619B6500A10F9B /* List.app */;
			productType = "com.apple.product-type.application.watchapp2-container";
		};
		4B20B00526619B6500A10F9B /* List WatchKit App */ = {
			isa = PBXNativeTarget;
			buildConfigurationList = 4B20B02926619B6A00A10F9B /* Build configuration list for PBXNativeTarget "List WatchKit App" */;
			buildPhases = (
				4B20B00426619B6500A10F9B /* Resources */,
				4B20B02826619B6A00A10F9B /* Embed App Extensions */,
			);
			buildRules = (
			);
			dependencies = (
				4B20B01526619B6900A10F9B /* PBXTargetDependency */,
			);
			name = "List WatchKit App";
			productName = "List WatchKit App";
			productReference = 4B20B00626619B6500A10F9B /* List WatchKit App.app */;
			productType = "com.apple.product-type.application.watchapp2";
		};
		4B20B01126619B6900A10F9B /* List WatchKit Extension */ = {
			isa = PBXNativeTarget;
			buildConfigurationList = 4B20B02526619B6A00A10F9B /* Build configuration list for PBXNativeTarget "List WatchKit Extension" */;
			buildPhases = (
				4B20B00E26619B6900A10F9B /* Sources */,
				4B20B00F26619B6900A10F9B /* Frameworks */,
				4B20B01026619B6900A10F9B /* Resources */,
			);
			buildRules = (
			);
			dependencies = (
			);
			name = "List WatchKit Extension";
			packageProductDependencies = (
				4B0EDAED2663FF720097CBC4 /* SocketIO */,
			);
			productName = "List WatchKit Extension";
			productReference = 4B20B01226619B6900A10F9B /* List WatchKit Extension.appex */;
			productType = "com.apple.product-type.watchkit2-extension";
		};
/* End PBXNativeTarget section */

/* Begin PBXProject section */
		4B20AFFC26619B6500A10F9B /* Project object */ = {
			isa = PBXProject;
			attributes = {
				LastSwiftUpdateCheck = 1250;
				LastUpgradeCheck = 1250;
				TargetAttributes = {
					4B20B00126619B6500A10F9B = {
						CreatedOnToolsVersion = 12.5;
					};
					4B20B00526619B6500A10F9B = {
						CreatedOnToolsVersion = 12.5;
					};
					4B20B01126619B6900A10F9B = {
						CreatedOnToolsVersion = 12.5;
					};
				};
			};
			buildConfigurationList = 4B20AFFF26619B6500A10F9B /* Build configuration list for PBXProject "List" */;
			compatibilityVersion = "Xcode 9.3";
			developmentRegion = en;
			hasScannedForEncodings = 0;
			knownRegions = (
				en,
				Base,
			);
			mainGroup = 4B20AFFB26619B6500A10F9B;
			packageReferences = (
				4B20B0472663F84A00A10F9B /* XCRemoteSwiftPackageReference "socket" */,
			);
			productRefGroup = 4B20B00326619B6500A10F9B /* Products */;
			projectDirPath = "";
			projectRoot = "";
			targets = (
				4B20B00126619B6500A10F9B /* List */,
				4B20B00526619B6500A10F9B /* List WatchKit App */,
				4B20B01126619B6900A10F9B /* List WatchKit Extension */,
			);
		};
/* End PBXProject section */

/* Begin PBXResourcesBuildPhase section */
		4B20B00026619B6500A10F9B /* Resources */ = {
			isa = PBXResourcesBuildPhase;
			buildActionMask = 2147483647;
			files = (
			);
			runOnlyForDeploymentPostprocessing = 0;
		};
		4B20B00426619B6500A10F9B /* Resources */ = {
			isa = PBXResourcesBuildPhase;
			buildActionMask = 2147483647;
			files = (
				4B20B00C26619B6900A10F9B /* Assets.xcassets in Resources */,
			);
			runOnlyForDeploymentPostprocessing = 0;
		};
		4B20B01026619B6900A10F9B /* Resources */ = {
			isa = PBXResourcesBuildPhase;
			buildActionMask = 2147483647;
			files = (
				4B20B02126619B6A00A10F9B /* Preview Assets.xcassets in Resources */,
				4B20B01E26619B6A00A10F9B /* Assets.xcassets in Resources */,
			);
			runOnlyForDeploymentPostprocessing = 0;
		};
/* End PBXResourcesBuildPhase section */

/* Begin PBXSourcesBuildPhase section */
		4B20B00E26619B6900A10F9B /* Sources */ = {
			isa = PBXSourcesBuildPhase;
			buildActionMask = 2147483647;
			files = (
				4B20B03F2661C22800A10F9B /* ItemRow.swift in Sources */,
				4B20B03426619E4B00A10F9B /* Store.swift in Sources */,
				4B20B01826619B6900A10F9B /* ContentView.swift in Sources */,
				4B20B03126619E1A00A10F9B /* ModelData.swift in Sources */,
				4B827886266C66F60088C884 /* ItemList.swift in Sources */,
				4BA2025B2665D86C005EF5F4 /* Error.swift in Sources */,
				4B20B03926619F3D00A10F9B /* StoreList.swift in Sources */,
				4B0EDAE92663FBC30097CBC4 /* Socket.swift in Sources */,
				4B20B03D2661BE3100A10F9B /* Item.swift in Sources */,
				4B20B01A26619B6900A10F9B /* ListApp.swift in Sources */,
				4B20B03B2661AA2D00A10F9B /* StoreDetail.swift in Sources */,
				4B20B01C26619B6900A10F9B /* ComplicationController.swift in Sources */,
				4BA2025D2665D9EC005EF5F4 /* ErrorView.swift in Sources */,
				4B1C45E22669C9350077943D /* StoreDetailModel.swift in Sources */,
				4B82788B266F0B030088C884 /* PreviewData.swift in Sources */,
				4B1C45E42669D7340077943D /* RemoteData.swift in Sources */,
				4B827889266C75810088C884 /* ItemEditor.swift in Sources */,
				4B0EDAF22664919D0097CBC4 /* Category.swift in Sources */,
			);
			runOnlyForDeploymentPostprocessing = 0;
		};
/* End PBXSourcesBuildPhase section */

/* Begin PBXTargetDependency section */
		4B20B00926619B6500A10F9B /* PBXTargetDependency */ = {
			isa = PBXTargetDependency;
			target = 4B20B00526619B6500A10F9B /* List WatchKit App */;
			targetProxy = 4B20B00826619B6500A10F9B /* PBXContainerItemProxy */;
		};
		4B20B01526619B6900A10F9B /* PBXTargetDependency */ = {
			isa = PBXTargetDependency;
			target = 4B20B01126619B6900A10F9B /* List WatchKit Extension */;
			targetProxy = 4B20B01426619B6900A10F9B /* PBXContainerItemProxy */;
		};
/* End PBXTargetDependency section */

/* Begin XCBuildConfiguration section */
		4B20B02326619B6A00A10F9B /* Debug */ = {
			isa = XCBuildConfiguration;
			buildSettings = {
				ALWAYS_SEARCH_USER_PATHS = NO;
				CLANG_ANALYZER_NONNULL = YES;
				CLANG_ANALYZER_NUMBER_OBJECT_CONVERSION = YES_AGGRESSIVE;
				CLANG_CXX_LANGUAGE_STANDARD = "gnu++14";
				CLANG_CXX_LIBRARY = "libc++";
				CLANG_ENABLE_MODULES = YES;
				CLANG_ENABLE_OBJC_ARC = YES;
				CLANG_ENABLE_OBJC_WEAK = YES;
				CLANG_WARN_BLOCK_CAPTURE_AUTORELEASING = YES;
				CLANG_WARN_BOOL_CONVERSION = YES;
				CLANG_WARN_COMMA = YES;
				CLANG_WARN_CONSTANT_CONVERSION = YES;
				CLANG_WARN_DEPRECATED_OBJC_IMPLEMENTATIONS = YES;
				CLANG_WARN_DIRECT_OBJC_ISA_USAGE = YES_ERROR;
				CLANG_WARN_DOCUMENTATION_COMMENTS = YES;
				CLANG_WARN_EMPTY_BODY = YES;
				CLANG_WARN_ENUM_CONVERSION = YES;
				CLANG_WARN_INFINITE_RECURSION = YES;
				CLANG_WARN_INT_CONVERSION = YES;
				CLANG_WARN_NON_LITERAL_NULL_CONVERSION = YES;
				CLANG_WARN_OBJC_IMPLICIT_RETAIN_SELF = YES;
				CLANG_WARN_OBJC_LITERAL_CONVERSION = YES;
				CLANG_WARN_OBJC_ROOT_CLASS = YES_ERROR;
				CLANG_WARN_QUOTED_INCLUDE_IN_FRAMEWORK_HEADER = YES;
				CLANG_WARN_RANGE_LOOP_ANALYSIS = YES;
				CLANG_WARN_STRICT_PROTOTYPES = YES;
				CLANG_WARN_SUSPICIOUS_MOVE = YES;
				CLANG_WARN_UNGUARDED_AVAILABILITY = YES_AGGRESSIVE;
				CLANG_WARN_UNREACHABLE_CODE = YES;
				CLANG_WARN__DUPLICATE_METHOD_MATCH = YES;
				COPY_PHASE_STRIP = NO;
				DEBUG_INFORMATION_FORMAT = dwarf;
				ENABLE_STRICT_OBJC_MSGSEND = YES;
				ENABLE_TESTABILITY = YES;
				GCC_C_LANGUAGE_STANDARD = gnu11;
				GCC_DYNAMIC_NO_PIC = NO;
				GCC_NO_COMMON_BLOCKS = YES;
				GCC_OPTIMIZATION_LEVEL = 0;
				GCC_PREPROCESSOR_DEFINITIONS = (
					"DEBUG=1",
					"$(inherited)",
				);
				GCC_WARN_64_TO_32_BIT_CONVERSION = YES;
				GCC_WARN_ABOUT_RETURN_TYPE = YES_ERROR;
				GCC_WARN_UNDECLARED_SELECTOR = YES;
				GCC_WARN_UNINITIALIZED_AUTOS = YES_AGGRESSIVE;
				GCC_WARN_UNUSED_FUNCTION = YES;
				GCC_WARN_UNUSED_VARIABLE = YES;
				MTL_ENABLE_DEBUG_INFO = INCLUDE_SOURCE;
				MTL_FAST_MATH = YES;
				ONLY_ACTIVE_ARCH = YES;
				SDKROOT = iphoneos;
				SWIFT_ACTIVE_COMPILATION_CONDITIONS = DEBUG;
				SWIFT_OPTIMIZATION_LEVEL = "-Onone";
			};
			name = Debug;
		};
		4B20B02426619B6A00A10F9B /* Release */ = {
			isa = XCBuildConfiguration;
			buildSettings = {
				ALWAYS_SEARCH_USER_PATHS = NO;
				CLANG_ANALYZER_NONNULL = YES;
				CLANG_ANALYZER_NUMBER_OBJECT_CONVERSION = YES_AGGRESSIVE;
				CLANG_CXX_LANGUAGE_STANDARD = "gnu++14";
				CLANG_CXX_LIBRARY = "libc++";
				CLANG_ENABLE_MODULES = YES;
				CLANG_ENABLE_OBJC_ARC = YES;
				CLANG_ENABLE_OBJC_WEAK = YES;
				CLANG_WARN_BLOCK_CAPTURE_AUTORELEASING = YES;
				CLANG_WARN_BOOL_CONVERSION = YES;
				CLANG_WARN_COMMA = YES;
				CLANG_WARN_CONSTANT_CONVERSION = YES;
				CLANG_WARN_DEPRECATED_OBJC_IMPLEMENTATIONS = YES;
				CLANG_WARN_DIRECT_OBJC_ISA_USAGE = YES_ERROR;
				CLANG_WARN_DOCUMENTATION_COMMENTS = YES;
				CLANG_WARN_EMPTY_BODY = YES;
				CLANG_WARN_ENUM_CONVERSION = YES;
				CLANG_WARN_INFINITE_RECURSION = YES;
				CLANG_WARN_INT_CONVERSION = YES;
				CLANG_WARN_NON_LITERAL_NULL_CONVERSION = YES;
				CLANG_WARN_OBJC_IMPLICIT_RETAIN_SELF = YES;
				CLANG_WARN_OBJC_LITERAL_CONVERSION = YES;
				CLANG_WARN_OBJC_ROOT_CLASS = YES_ERROR;
				CLANG_WARN_QUOTED_INCLUDE_IN_FRAMEWORK_HEADER = YES;
				CLANG_WARN_RANGE_LOOP_ANALYSIS = YES;
				CLANG_WARN_STRICT_PROTOTYPES = YES;
				CLANG_WARN_SUSPICIOUS_MOVE = YES;
				CLANG_WARN_UNGUARDED_AVAILABILITY = YES_AGGRESSIVE;
				CLANG_WARN_UNREACHABLE_CODE = YES;
				CLANG_WARN__DUPLICATE_METHOD_MATCH = YES;
				COPY_PHASE_STRIP = NO;
				DEBUG_INFORMATION_FORMAT = "dwarf-with-dsym";
				ENABLE_NS_ASSERTIONS = NO;
				ENABLE_STRICT_OBJC_MSGSEND = YES;
				GCC_C_LANGUAGE_STANDARD = gnu11;
				GCC_NO_COMMON_BLOCKS = YES;
				GCC_WARN_64_TO_32_BIT_CONVERSION = YES;
				GCC_WARN_ABOUT_RETURN_TYPE = YES_ERROR;
				GCC_WARN_UNDECLARED_SELECTOR = YES;
				GCC_WARN_UNINITIALIZED_AUTOS = YES_AGGRESSIVE;
				GCC_WARN_UNUSED_FUNCTION = YES;
				GCC_WARN_UNUSED_VARIABLE = YES;
				MTL_ENABLE_DEBUG_INFO = NO;
				MTL_FAST_MATH = YES;
				SDKROOT = iphoneos;
				SWIFT_COMPILATION_MODE = wholemodule;
				SWIFT_OPTIMIZATION_LEVEL = "-O";
				VALIDATE_PRODUCT = YES;
			};
			name = Release;
		};
		4B20B02626619B6A00A10F9B /* Debug */ = {
			isa = XCBuildConfiguration;
			buildSettings = {
				ASSETCATALOG_COMPILER_COMPLICATION_NAME = Complication;
				CODE_SIGN_STYLE = Automatic;
				DEVELOPMENT_ASSET_PATHS = "\"List WatchKit Extension/Preview Content\"";
				DEVELOPMENT_TEAM = HY2LSN6ZF3;
				ENABLE_PREVIEWS = YES;
				INFOPLIST_FILE = "List WatchKit Extension/Info.plist";
				LD_RUNPATH_SEARCH_PATHS = (
					"$(inherited)",
					"@executable_path/Frameworks",
					"@executable_path/../../Frameworks",
				);
				PRODUCT_BUNDLE_IDENTIFIER = com.chrisbreiding.List.watchkitapp.watchkitextension;
				PRODUCT_NAME = "${TARGET_NAME}";
				SDKROOT = watchos;
				SKIP_INSTALL = YES;
				SWIFT_VERSION = 5.0;
				TARGETED_DEVICE_FAMILY = 4;
				WATCHOS_DEPLOYMENT_TARGET = 7.4;
			};
			name = Debug;
		};
		4B20B02726619B6A00A10F9B /* Release */ = {
			isa = XCBuildConfiguration;
			buildSettings = {
				ASSETCATALOG_COMPILER_COMPLICATION_NAME = Complication;
				CODE_SIGN_STYLE = Automatic;
				DEVELOPMENT_ASSET_PATHS = "\"List WatchKit Extension/Preview Content\"";
				DEVELOPMENT_TEAM = HY2LSN6ZF3;
				ENABLE_PREVIEWS = YES;
				INFOPLIST_FILE = "List WatchKit Extension/Info.plist";
				LD_RUNPATH_SEARCH_PATHS = (
					"$(inherited)",
					"@executable_path/Frameworks",
					"@executable_path/../../Frameworks",
				);
				PRODUCT_BUNDLE_IDENTIFIER = com.chrisbreiding.List.watchkitapp.watchkitextension;
				PRODUCT_NAME = "${TARGET_NAME}";
				SDKROOT = watchos;
				SKIP_INSTALL = YES;
				SWIFT_VERSION = 5.0;
				TARGETED_DEVICE_FAMILY = 4;
				WATCHOS_DEPLOYMENT_TARGET = 7.4;
			};
			name = Release;
		};
		4B20B02A26619B6A00A10F9B /* Debug */ = {
			isa = XCBuildConfiguration;
			buildSettings = {
				ALWAYS_EMBED_SWIFT_STANDARD_LIBRARIES = YES;
				ASSETCATALOG_COMPILER_APPICON_NAME = AppIcon;
				ASSETCATALOG_COMPILER_GLOBAL_ACCENT_COLOR_NAME = AccentColor;
				CODE_SIGN_STYLE = Automatic;
				DEVELOPMENT_TEAM = HY2LSN6ZF3;
				IBSC_MODULE = List_WatchKit_Extension;
				INFOPLIST_FILE = "List WatchKit App/Info.plist";
				PRODUCT_BUNDLE_IDENTIFIER = com.chrisbreiding.List.watchkitapp;
				PRODUCT_NAME = "$(TARGET_NAME)";
				SDKROOT = watchos;
				SKIP_INSTALL = YES;
				SWIFT_VERSION = 5.0;
				TARGETED_DEVICE_FAMILY = 4;
				WATCHOS_DEPLOYMENT_TARGET = 7.4;
			};
			name = Debug;
		};
		4B20B02B26619B6A00A10F9B /* Release */ = {
			isa = XCBuildConfiguration;
			buildSettings = {
				ALWAYS_EMBED_SWIFT_STANDARD_LIBRARIES = YES;
				ASSETCATALOG_COMPILER_APPICON_NAME = AppIcon;
				ASSETCATALOG_COMPILER_GLOBAL_ACCENT_COLOR_NAME = AccentColor;
				CODE_SIGN_STYLE = Automatic;
				DEVELOPMENT_TEAM = HY2LSN6ZF3;
				IBSC_MODULE = List_WatchKit_Extension;
				INFOPLIST_FILE = "List WatchKit App/Info.plist";
				PRODUCT_BUNDLE_IDENTIFIER = com.chrisbreiding.List.watchkitapp;
				PRODUCT_NAME = "$(TARGET_NAME)";
				SDKROOT = watchos;
				SKIP_INSTALL = YES;
				SWIFT_VERSION = 5.0;
				TARGETED_DEVICE_FAMILY = 4;
				WATCHOS_DEPLOYMENT_TARGET = 7.4;
			};
			name = Release;
		};
		4B20B02E26619B6A00A10F9B /* Debug */ = {
			isa = XCBuildConfiguration;
			buildSettings = {
				CODE_SIGN_STYLE = Automatic;
				CURRENT_PROJECT_VERSION = 1;
				DEVELOPMENT_TEAM = HY2LSN6ZF3;
				MARKETING_VERSION = 1.0;
				PRODUCT_BUNDLE_IDENTIFIER = com.chrisbreiding.List;
				PRODUCT_NAME = "$(TARGET_NAME)";
				SWIFT_VERSION = 5.0;
			};
			name = Debug;
		};
		4B20B02F26619B6A00A10F9B /* Release */ = {
			isa = XCBuildConfiguration;
			buildSettings = {
				CODE_SIGN_STYLE = Automatic;
				CURRENT_PROJECT_VERSION = 1;
				DEVELOPMENT_TEAM = HY2LSN6ZF3;
				MARKETING_VERSION = 1.0;
				PRODUCT_BUNDLE_IDENTIFIER = com.chrisbreiding.List;
				PRODUCT_NAME = "$(TARGET_NAME)";
				SWIFT_VERSION = 5.0;
			};
			name = Release;
		};
/* End XCBuildConfiguration section */

/* Begin XCConfigurationList section */
		4B20AFFF26619B6500A10F9B /* Build configuration list for PBXProject "List" */ = {
			isa = XCConfigurationList;
			buildConfigurations = (
				4B20B02326619B6A00A10F9B /* Debug */,
				4B20B02426619B6A00A10F9B /* Release */,
			);
			defaultConfigurationIsVisible = 0;
			defaultConfigurationName = Release;
		};
		4B20B02526619B6A00A10F9B /* Build configuration list for PBXNativeTarget "List WatchKit Extension" */ = {
			isa = XCConfigurationList;
			buildConfigurations = (
				4B20B02626619B6A00A10F9B /* Debug */,
				4B20B02726619B6A00A10F9B /* Release */,
			);
			defaultConfigurationIsVisible = 0;
			defaultConfigurationName = Release;
		};
		4B20B02926619B6A00A10F9B /* Build configuration list for PBXNativeTarget "List WatchKit App" */ = {
			isa = XCConfigurationList;
			buildConfigurations = (
				4B20B02A26619B6A00A10F9B /* Debug */,
				4B20B02B26619B6A00A10F9B /* Release */,
			);
			defaultConfigurationIsVisible = 0;
			defaultConfigurationName = Release;
		};
		4B20B02D26619B6A00A10F9B /* Build configuration list for PBXNativeTarget "List" */ = {
			isa = XCConfigurationList;
			buildConfigurations = (
				4B20B02E26619B6A00A10F9B /* Debug */,
				4B20B02F26619B6A00A10F9B /* Release */,
			);
			defaultConfigurationIsVisible = 0;
			defaultConfigurationName = Release;
		};
/* End XCConfigurationList section */

/* Begin XCRemoteSwiftPackageReference section */
		4B20B0472663F84A00A10F9B /* XCRemoteSwiftPackageReference "socket" */ = {
			isa = XCRemoteSwiftPackageReference;
			repositoryURL = "https://github.com/socketio/socket.io-client-swift";
			requirement = {
				kind = upToNextMajorVersion;
				minimumVersion = 16.0.1;
			};
		};
/* End XCRemoteSwiftPackageReference section */

/* Begin XCSwiftPackageProductDependency section */
		4B0EDAED2663FF720097CBC4 /* SocketIO */ = {
			isa = XCSwiftPackageProductDependency;
			package = 4B20B0472663F84A00A10F9B /* XCRemoteSwiftPackageReference "socket" */;
			productName = SocketIO;
		};
		4B20B0482663F84A00A10F9B /* SocketIO */ = {
			isa = XCSwiftPackageProductDependency;
			package = 4B20B0472663F84A00A10F9B /* XCRemoteSwiftPackageReference "socket" */;
			productName = SocketIO;
		};
/* End XCSwiftPackageProductDependency section */
	};
	rootObject = 4B20AFFC26619B6500A10F9B /* Project object */;
}
